
Microsoft Visual Studio Solution File, Format Version 12.00
# Visual Studio Version 16
VisualStudioVersion = 16.0.31005.135
MinimumVisualStudioVersion = 10.0.40219.1
Project("{FAE04EC0-301F-11D3-BF4B-00C04F79EFBC}") = "budget", "budget\budget.csproj", "{AFDFD894-D5A1-4E60-8564-247EE648EE5E}"
EndProject
Global
	GlobalSection(SolutionConfigurationPlatforms) = preSolution
		Debug|Any CPU = Debug|Any CPU
		Release|Any CPU = Release|Any CPU
	EndGlobalSection
	GlobalSection(ProjectConfigurationPlatforms) = postSolution
		{AFDFD894-D5A1-4E60-8564-247EE648EE5E}.Debug|Any CPU.ActiveCfg = Debug|Any CPU
		{AFDFD894-D5A1-4E60-8564-247EE648EE5E}.Debug|Any CPU.Build.0 = Debug|Any CPU
		{AFDFD894-D5A1-4E60-8564-247EE648EE5E}.Release|Any CPU.ActiveCfg = Release|Any CPU
		{AFDFD894-D5A1-4E60-8564-247EE648EE5E}.Release|Any CPU.Build.0 = Release|Any CPU
	EndGlobalSection
	GlobalSection(SolutionProperties) = preSolution
		HideSolutionNode = FALSE
	EndGlobalSection
	GlobalSection(ExtensibilityGlobals) = postSolution
		SolutionGuid = {8B056E78-C2A9-4370-B77B-7A5087AAB6AD}
	EndGlobalSection
EndGlobal
